
Microsoft Visual Studio Solution File, Format Version 12.00
# Visual Studio 15
VisualStudioVersion = 15.0.27703.2026
MinimumVisualStudioVersion = 10.0.40219.1
Project("{8BC9CEB8-8B4A-11D0-8D11-00A0C91BC942}") = "Ass-1", "7-August\7-August.vcxproj", "{E859B8CC-EE57-4972-B170-D21F561362AF}"
EndProject
Project("{8BC9CEB8-8B4A-11D0-8D11-00A0C91BC942}") = "Ass-2", "Ass-2\Ass-2.vcxproj", "{D6DA32C1-89E9-4934-8EDE-60D01D9AD1D5}"
EndProject
Global
	GlobalSection(SolutionConfigurationPlatforms) = preSolution
		Debug|x64 = Debug|x64
		Debug|x86 = Debug|x86
		Release|x64 = Release|x64
		Release|x86 = Release|x86
	EndGlobalSection
	GlobalSection(ProjectConfigurationPlatforms) = postSolution
		{E859B8CC-EE57-4972-B170-D21F561362AF}.Debug|x64.ActiveCfg = Debug|x64
		{E859B8CC-EE57-4972-B170-D21F561362AF}.Debug|x64.Build.0 = Debug|x64
		{E859B8CC-EE57-4972-B170-D21F561362AF}.Debug|x86.ActiveCfg = Debug|Win32
		{E859B8CC-EE57-4972-B170-D21F561362AF}.Debug|x86.Build.0 = Debug|Win32
		{E859B8CC-EE57-4972-B170-D21F561362AF}.Release|x64.ActiveCfg = Release|x64
		{E859B8CC-EE57-4972-B170-D21F561362AF}.Release|x64.Build.0 = Release|x64
		{E859B8CC-EE57-4972-B170-D21F561362AF}.Release|x86.ActiveCfg = Release|Win32
		{E859B8CC-EE57-4972-B170-D21F561362AF}.Release|x86.Build.0 = Release|Win32
		{D6DA32C1-89E9-4934-8EDE-60D01D9AD1D5}.Debug|x64.ActiveCfg = Debug|x64
		{D6DA32C1-89E9-4934-8EDE-60D01D9AD1D5}.Debug|x64.Build.0 = Debug|x64
		{D6DA32C1-89E9-4934-8EDE-60D01D9AD1D5}.Debug|x86.ActiveCfg = Debug|Win32
		{D6DA32C1-89E9-4934-8EDE-60D01D9AD1D5}.Debug|x86.Build.0 = Debug|Win32
		{D6DA32C1-89E9-4934-8EDE-60D01D9AD1D5}.Release|x64.ActiveCfg = Release|x64
		{D6DA32C1-89E9-4934-8EDE-60D01D9AD1D5}.Release|x64.Build.0 = Release|x64
		{D6DA32C1-89E9-4934-8EDE-60D01D9AD1D5}.Release|x86.ActiveCfg = Release|Win32
		{D6DA32C1-89E9-4934-8EDE-60D01D9AD1D5}.Release|x86.Build.0 = Release|Win32
	EndGlobalSection
	GlobalSection(SolutionProperties) = preSolution
		HideSolutionNode = FALSE
	EndGlobalSection
	GlobalSection(ExtensibilityGlobals) = postSolution
		SolutionGuid = {B4A732FA-E370-4A65-85BD-CFC7143E765B}
	EndGlobalSection
EndGlobal
